
Microsoft Visual Studio Solution File, Format Version 12.00
# Visual Studio Version 16
VisualStudioVersion = 16.0.34301.259
MinimumVisualStudioVersion = 10.0.40219.1
Project("{FAE04EC0-301F-11D3-BF4B-00C04F79EFBC}") = "Prueba_Versiones", "Prueba_Versiones\Prueba_Versiones.csproj", "{80A891EC-C052-4EA2-B9EE-CBC1A229DB98}"
EndProject
Global
	GlobalSection(SolutionConfigurationPlatforms) = preSolution
		Debug|Any CPU = Debug|Any CPU
		Release|Any CPU = Release|Any CPU
	EndGlobalSection
	GlobalSection(ProjectConfigurationPlatforms) = postSolution
		{80A891EC-C052-4EA2-B9EE-CBC1A229DB98}.Debug|Any CPU.ActiveCfg = Debug|Any CPU
		{80A891EC-C052-4EA2-B9EE-CBC1A229DB98}.Debug|Any CPU.Build.0 = Debug|Any CPU
		{80A891EC-C052-4EA2-B9EE-CBC1A229DB98}.Release|Any CPU.ActiveCfg = Release|Any CPU
		{80A891EC-C052-4EA2-B9EE-CBC1A229DB98}.Release|Any CPU.Build.0 = Release|Any CPU
	EndGlobalSection
	GlobalSection(SolutionProperties) = preSolution
		HideSolutionNode = FALSE
	EndGlobalSection
	GlobalSection(ExtensibilityGlobals) = postSolution
		SolutionGuid = {D7CEB8F5-DB25-4018-A933-A853F83825F3}
	EndGlobalSection
EndGlobal
